
Microsoft Visual Studio Solution File, Format Version 12.00
# Visual Studio Version 16
VisualStudioVersion = 16.0.31005.135
MinimumVisualStudioVersion = 10.0.40219.1
Project("{FAE04EC0-301F-11D3-BF4B-00C04F79EFBC}") = "AT_2TRI_EX11", "AT_2TRI_EX11\AT_2TRI_EX11.csproj", "{ED108998-2FA2-44D1-BF7C-846C867AE387}"
EndProject
Global
	GlobalSection(SolutionConfigurationPlatforms) = preSolution
		Debug|Any CPU = Debug|Any CPU
		Release|Any CPU = Release|Any CPU
	EndGlobalSection
	GlobalSection(ProjectConfigurationPlatforms) = postSolution
		{ED108998-2FA2-44D1-BF7C-846C867AE387}.Debug|Any CPU.ActiveCfg = Debug|Any CPU
		{ED108998-2FA2-44D1-BF7C-846C867AE387}.Debug|Any CPU.Build.0 = Debug|Any CPU
		{ED108998-2FA2-44D1-BF7C-846C867AE387}.Release|Any CPU.ActiveCfg = Release|Any CPU
		{ED108998-2FA2-44D1-BF7C-846C867AE387}.Release|Any CPU.Build.0 = Release|Any CPU
	EndGlobalSection
	GlobalSection(SolutionProperties) = preSolution
		HideSolutionNode = FALSE
	EndGlobalSection
	GlobalSection(ExtensibilityGlobals) = postSolution
		SolutionGuid = {7F6BAD43-7966-4485-9B38-3B10660E256A}
	EndGlobalSection
EndGlobal
